
Microsoft Visual Studio Solution File, Format Version 12.00
# Visual Studio 2013
VisualStudioVersion = 12.0.31101.0
MinimumVisualStudioVersion = 10.0.40219.1
Project("{FAE04EC0-301F-11D3-BF4B-00C04F79EFBC}") = "CMS.ODataBackend", "ODataBackend/CMS.ODataBackend.csproj", "{2AE1847A-87F2-42A0-B136-4A78E5178CF5}"
EndProject
Project("{FAE04EC0-301F-11D3-BF4B-00C04F79EFBC}") = "CMS.Objects", "Objects/CMS.Objects.csproj", "{722E42A6-F006-4CAA-99FD-690EA2106426}"
EndProject
Global
	GlobalSection(SolutionConfigurationPlatforms) = preSolution
Debug|Any CPU = Debug|Any CPU
Release|Any CPU = Release|Any CPU
	EndGlobalSection
	GlobalSection(ProjectConfigurationPlatforms) = postSolution
		{2AE1847A-87F2-42A0-B136-4A78E5178CF5}.Debug|Any CPU.ActiveCfg = Debug|Any CPU
		{2AE1847A-87F2-42A0-B136-4A78E5178CF5}.Debug|Any CPU.Build.0 = Debug|Any CPU
		{2AE1847A-87F2-42A0-B136-4A78E5178CF5}.Release|Any CPU.ActiveCfg = Release|Any CPU
		{2AE1847A-87F2-42A0-B136-4A78E5178CF5}.Release|Any CPU.Build.0 = Release|Any CPU
		{722E42A6-F006-4CAA-99FD-690EA2106426}.Debug|Any CPU.ActiveCfg = Debug|Any CPU
		{722E42A6-F006-4CAA-99FD-690EA2106426}.Debug|Any CPU.Build.0 = Debug|Any CPU
		{722E42A6-F006-4CAA-99FD-690EA2106426}.Release|Any CPU.ActiveCfg = Release|Any CPU
		{722E42A6-F006-4CAA-99FD-690EA2106426}.Release|Any CPU.Build.0 = Release|Any CPU
	EndGlobalSection
	GlobalSection(SolutionProperties) = preSolution
		HideSolutionNode = FALSE
	EndGlobalSection
EndGlobal
